{
  "name": "create-esbuild-web-app",
  "version": "0.0.7",
  "lockfileVersion": 1,
  "requires": true,
  "dependencies": {
    "add": {
      "version": "2.0.6",
      "dev": true
    },
    "kolorist": {
      "version": "1.5.0"
    },
    "minimist": {
      "version": "1.2.5"
    },
    "prompts": {
      "version": "2.4.2",
      "requires": {
        "kleur": "^3.0.3",
        "sisteransi": "^1.0.5"
      },
      "dependencies": {
        "kleur": {
          "version": "3.0.3",
          "resolved": "https://registry.npmjs.org/kleur/-/kleur-3.0.3.tgz",
          "integrity": "sha512-eTIzlVOSUR+JxdDFepEYcBMtZ9Qqdef+rnzWdRZuMbOywu5tO2w2N7rqjoANZ5k9vywhL6Br1VRjUIgTQx4E8w=="
        },
        "sisteransi": {
          "version": "1.0.5",
          "resolved": "https://registry.npmjs.org/sisteransi/-/sisteransi-1.0.5.tgz",
          "integrity": "sha512-bLGGlR1QxBcynn2d5YmDX4MGjlZvy2MRBDRNHLJ8VI6l6+9FUiyTFNJ0IveOSP0bcXgVDPRcfGqA0pjaqUpfVg=="
        }
      }
    },
    "typescript": {
      "version": "4.5.2",
      "dev": true
    }
  }
}
